
Microsoft Visual Studio Solution File, Format Version 12.00
# Visual Studio Version 16
VisualStudioVersion = 16.0.31702.278
MinimumVisualStudioVersion = 10.0.40219.1
Project("{FAE04EC0-301F-11D3-BF4B-00C04F79EFBC}") = "Navigation.Android", "Navigation\Navigation.Android\Navigation.Android.csproj", "{7991C5E4-972F-47C4-8F8A-254BF955A845}"
EndProject
Project("{FAE04EC0-301F-11D3-BF4B-00C04F79EFBC}") = "Navigation", "Navigation\Navigation\Navigation.csproj", "{A91B6667-34D8-4D23-AC6B-B6B6963D2B6F}"
EndProject
Project("{9A19103F-16F7-4668-BE54-9A1E7A4F7556}") = "Vives.DOMAIN", "..\XamarinService-master\XamarinService-master\Vives.DOMAIN\Vives.DOMAIN.csproj", "{0FB46581-7835-4FFB-A799-B4954A38B872}"
EndProject
Global
	GlobalSection(SolutionConfigurationPlatforms) = preSolution
		Debug|Any CPU = Debug|Any CPU
		Release|Any CPU = Release|Any CPU
	EndGlobalSection
	GlobalSection(ProjectConfigurationPlatforms) = postSolution
		{7991C5E4-972F-47C4-8F8A-254BF955A845}.Debug|Any CPU.ActiveCfg = Debug|Any CPU
		{7991C5E4-972F-47C4-8F8A-254BF955A845}.Debug|Any CPU.Build.0 = Debug|Any CPU
		{7991C5E4-972F-47C4-8F8A-254BF955A845}.Debug|Any CPU.Deploy.0 = Debug|Any CPU
		{7991C5E4-972F-47C4-8F8A-254BF955A845}.Release|Any CPU.ActiveCfg = Release|Any CPU
		{7991C5E4-972F-47C4-8F8A-254BF955A845}.Release|Any CPU.Build.0 = Release|Any CPU
		{7991C5E4-972F-47C4-8F8A-254BF955A845}.Release|Any CPU.Deploy.0 = Release|Any CPU
		{A91B6667-34D8-4D23-AC6B-B6B6963D2B6F}.Debug|Any CPU.ActiveCfg = Debug|Any CPU
		{A91B6667-34D8-4D23-AC6B-B6B6963D2B6F}.Debug|Any CPU.Build.0 = Debug|Any CPU
		{A91B6667-34D8-4D23-AC6B-B6B6963D2B6F}.Debug|Any CPU.Deploy.0 = Debug|Any CPU
		{A91B6667-34D8-4D23-AC6B-B6B6963D2B6F}.Release|Any CPU.ActiveCfg = Release|Any CPU
		{A91B6667-34D8-4D23-AC6B-B6B6963D2B6F}.Release|Any CPU.Build.0 = Release|Any CPU
		{A91B6667-34D8-4D23-AC6B-B6B6963D2B6F}.Release|Any CPU.Deploy.0 = Release|Any CPU
		{0FB46581-7835-4FFB-A799-B4954A38B872}.Debug|Any CPU.ActiveCfg = Debug|Any CPU
		{0FB46581-7835-4FFB-A799-B4954A38B872}.Debug|Any CPU.Build.0 = Debug|Any CPU
		{0FB46581-7835-4FFB-A799-B4954A38B872}.Release|Any CPU.ActiveCfg = Release|Any CPU
		{0FB46581-7835-4FFB-A799-B4954A38B872}.Release|Any CPU.Build.0 = Release|Any CPU
	EndGlobalSection
	GlobalSection(SolutionProperties) = preSolution
		HideSolutionNode = FALSE
	EndGlobalSection
	GlobalSection(ExtensibilityGlobals) = postSolution
		SolutionGuid = {B08AD8E4-5C1C-4E22-9D81-E0C13B2FC727}
	EndGlobalSection
EndGlobal
